
Microsoft Visual Studio Solution File, Format Version 12.00
# Visual Studio Version 17
VisualStudioVersion = 17.8.34330.188
MinimumVisualStudioVersion = 10.0.40219.1
Project("{FAE04EC0-301F-11D3-BF4B-00C04F79EFBC}") = "A2_JBMN.Forms", "A2_JBMN.Forms\A2_JBMN.Forms.csproj", "{791951C7-6867-4483-82E9-0E9315FAFA1A}"
EndProject
Global
	GlobalSection(SolutionConfigurationPlatforms) = preSolution
		Debug|Any CPU = Debug|Any CPU
		Release|Any CPU = Release|Any CPU
	EndGlobalSection
	GlobalSection(ProjectConfigurationPlatforms) = postSolution
		{791951C7-6867-4483-82E9-0E9315FAFA1A}.Debug|Any CPU.ActiveCfg = Debug|Any CPU
		{791951C7-6867-4483-82E9-0E9315FAFA1A}.Debug|Any CPU.Build.0 = Debug|Any CPU
		{791951C7-6867-4483-82E9-0E9315FAFA1A}.Release|Any CPU.ActiveCfg = Release|Any CPU
		{791951C7-6867-4483-82E9-0E9315FAFA1A}.Release|Any CPU.Build.0 = Release|Any CPU
	EndGlobalSection
	GlobalSection(SolutionProperties) = preSolution
		HideSolutionNode = FALSE
	EndGlobalSection
	GlobalSection(ExtensibilityGlobals) = postSolution
		SolutionGuid = {78DCBD21-6ED2-47C4-901A-3D785B9E7B8B}
	EndGlobalSection
EndGlobal
